
Microsoft Visual Studio Solution File, Format Version 12.00
# Visual Studio 15
VisualStudioVersion = 15.0.28307.168
MinimumVisualStudioVersion = 10.0.40219.1
Project("{FAE04EC0-301F-11D3-BF4B-00C04F79EFBC}") = "App02_TipoPaginaXF.Android", "App02_TipoPaginaXF\App02_TipoPaginaXF.Android\App02_TipoPaginaXF.Android.csproj", "{A3FA016F-9806-443B-AD91-B99BE3B78AFB}"
EndProject
Project("{FAE04EC0-301F-11D3-BF4B-00C04F79EFBC}") = "App02_TipoPaginaXF.iOS", "App02_TipoPaginaXF\App02_TipoPaginaXF.iOS\App02_TipoPaginaXF.iOS.csproj", "{42DB3DCD-EDEA-47C3-88AD-74D9B81905B6}"
EndProject
Project("{FAE04EC0-301F-11D3-BF4B-00C04F79EFBC}") = "App02_TipoPaginaXF.UWP", "App02_TipoPaginaXF\App02_TipoPaginaXF.UWP\App02_TipoPaginaXF.UWP.csproj", "{48330097-B9DB-400C-8FE2-FD40C1907067}"
EndProject
Project("{FAE04EC0-301F-11D3-BF4B-00C04F79EFBC}") = "App02_TipoPaginaXF", "App02_TipoPaginaXF\App02_TipoPaginaXF\App02_TipoPaginaXF.csproj", "{69BE0160-53E7-4676-9F87-765F65C22E77}"
EndProject
Global
	GlobalSection(SolutionConfigurationPlatforms) = preSolution
		Ad-Hoc|Any CPU = Ad-Hoc|Any CPU
		Ad-Hoc|ARM = Ad-Hoc|ARM
		Ad-Hoc|iPhone = Ad-Hoc|iPhone
		Ad-Hoc|iPhoneSimulator = Ad-Hoc|iPhoneSimulator
		Ad-Hoc|x64 = Ad-Hoc|x64
		Ad-Hoc|x86 = Ad-Hoc|x86
		AppStore|Any CPU = AppStore|Any CPU
		AppStore|ARM = AppStore|ARM
		AppStore|iPhone = AppStore|iPhone
		AppStore|iPhoneSimulator = AppStore|iPhoneSimulator
		AppStore|x64 = AppStore|x64
		AppStore|x86 = AppStore|x86
		Debug|Any CPU = Debug|Any CPU
		Debug|ARM = Debug|ARM
		Debug|iPhone = Debug|iPhone
		Debug|iPhoneSimulator = Debug|iPhoneSimulator
		Debug|x64 = Debug|x64
		Debug|x86 = Debug|x86
		Release|Any CPU = Release|Any CPU
		Release|ARM = Release|ARM
		Release|iPhone = Release|iPhone
		Release|iPhoneSimulator = Release|iPhoneSimulator
		Release|x64 = Release|x64
		Release|x86 = Release|x86
	EndGlobalSection
	GlobalSection(ProjectConfigurationPlatforms) = postSolution
		{A3FA016F-9806-443B-AD91-B99BE3B78AFB}.Ad-Hoc|Any CPU.ActiveCfg = Release|Any CPU
		{A3FA016F-9806-443B-AD91-B99BE3B78AFB}.Ad-Hoc|Any CPU.Build.0 = Release|Any CPU
		{A3FA016F-9806-443B-AD91-B99BE3B78AFB}.Ad-Hoc|Any CPU.Deploy.0 = Release|Any CPU
		{A3FA016F-9806-443B-AD91-B99BE3B78AFB}.Ad-Hoc|ARM.ActiveCfg = Release|Any CPU
		{A3FA016F-9806-443B-AD91-B99BE3B78AFB}.Ad-Hoc|ARM.Build.0 = Release|Any CPU
		{A3FA016F-9806-443B-AD91-B99BE3B78AFB}.Ad-Hoc|ARM.Deploy.0 = Release|Any CPU
		{A3FA016F-9806-443B-AD91-B99BE3B78AFB}.Ad-Hoc|iPhone.ActiveCfg = Release|Any CPU
		{A3FA016F-9806-443B-AD91-B99BE3B78AFB}.Ad-Hoc|iPhone.Build.0 = Release|Any CPU
		{A3FA016F-9806-443B-AD91-B99BE3B78AFB}.Ad-Hoc|iPhone.Deploy.0 = Release|Any CPU
		{A3FA016F-9806-443B-AD91-B99BE3B78AFB}.Ad-Hoc|iPhoneSimulator.ActiveCfg = Release|Any CPU
		{A3FA016F-9806-443B-AD91-B99BE3B78AFB}.Ad-Hoc|iPhoneSimulator.Build.0 = Release|Any CPU
		{A3FA016F-9806-443B-AD91-B99BE3B78AFB}.Ad-Hoc|iPhoneSimulator.Deploy.0 = Release|Any CPU
		{A3FA016F-9806-443B-AD91-B99BE3B78AFB}.Ad-Hoc|x64.ActiveCfg = Release|Any CPU
		{A3FA016F-9806-443B-AD91-B99BE3B78AFB}.Ad-Hoc|x64.Build.0 = Release|Any CPU
		{A3FA016F-9806-443B-AD91-B99BE3B78AFB}.Ad-Hoc|x64.Deploy.0 = Release|Any CPU
		{A3FA016F-9806-443B-AD91-B99BE3B78AFB}.Ad-Hoc|x86.ActiveCfg = Release|Any CPU
		{A3FA016F-9806-443B-AD91-B99BE3B78AFB}.Ad-Hoc|x86.Build.0 = Release|Any CPU
		{A3FA016F-9806-443B-AD91-B99BE3B78AFB}.Ad-Hoc|x86.Deploy.0 = Release|Any CPU
		{A3FA016F-9806-443B-AD91-B99BE3B78AFB}.AppStore|Any CPU.ActiveCfg = Release|Any CPU
		{A3FA016F-9806-443B-AD91-B99BE3B78AFB}.AppStore|Any CPU.Build.0 = Release|Any CPU
		{A3FA016F-9806-443B-AD91-B99BE3B78AFB}.AppStore|Any CPU.Deploy.0 = Release|Any CPU
		{A3FA016F-9806-443B-AD91-B99BE3B78AFB}.AppStore|ARM.ActiveCfg = Release|Any CPU
		{A3FA016F-9806-443B-AD91-B99BE3B78AFB}.AppStore|ARM.Build.0 = Release|Any CPU
		{A3FA016F-9806-443B-AD91-B99BE3B78AFB}.AppStore|ARM.Deploy.0 = Release|Any CPU
		{A3FA016F-9806-443B-AD91-B99BE3B78AFB}.AppStore|iPhone.ActiveCfg = Release|Any CPU
		{A3FA016F-9806-443B-AD91-B99BE3B78AFB}.AppStore|iPhone.Build.0 = Release|Any CPU
		{A3FA016F-9806-443B-AD91-B99BE3B78AFB}.AppStore|iPhone.Deploy.0 = Release|Any CPU
		{A3FA016F-9806-443B-AD91-B99BE3B78AFB}.AppStore|iPhoneSimulator.ActiveCfg = Release|Any CPU
		{A3FA016F-9806-443B-AD91-B99BE3B78AFB}.AppStore|iPhoneSimulator.Build.0 = Release|Any CPU
		{A3FA016F-9806-443B-AD91-B99BE3B78AFB}.AppStore|iPhoneSimulator.Deploy.0 = Release|Any CPU
		{A3FA016F-9806-443B-AD91-B99BE3B78AFB}.AppStore|x64.ActiveCfg = Release|Any CPU
		{A3FA016F-9806-443B-AD91-B99BE3B78AFB}.AppStore|x64.Build.0 = Release|Any CPU
		{A3FA016F-9806-443B-AD91-B99BE3B78AFB}.AppStore|x64.Deploy.0 = Release|Any CPU
		{A3FA016F-9806-443B-AD91-B99BE3B78AFB}.AppStore|x86.ActiveCfg = Release|Any CPU
		{A3FA016F-9806-443B-AD91-B99BE3B78AFB}.AppStore|x86.Build.0 = Release|Any CPU
		{A3FA016F-9806-443B-AD91-B99BE3B78AFB}.AppStore|x86.Deploy.0 = Release|Any CPU
		{A3FA016F-9806-443B-AD91-B99BE3B78AFB}.Debug|Any CPU.ActiveCfg = Debug|Any CPU
		{A3FA016F-9806-443B-AD91-B99BE3B78AFB}.Debug|Any CPU.Build.0 = Debug|Any CPU
		{A3FA016F-9806-443B-AD91-B99BE3B78AFB}.Debug|Any CPU.Deploy.0 = Debug|Any CPU
		{A3FA016F-9806-443B-AD91-B99BE3B78AFB}.Debug|ARM.ActiveCfg = Debug|Any CPU
		{A3FA016F-9806-443B-AD91-B99BE3B78AFB}.Debug|ARM.Build.0 = Debug|Any CPU
		{A3FA016F-9806-443B-AD91-B99BE3B78AFB}.Debug|ARM.Deploy.0 = Debug|Any CPU
		{A3FA016F-9806-443B-AD91-B99BE3B78AFB}.Debug|iPhone.ActiveCfg = Debug|Any CPU
		{A3FA016F-9806-443B-AD91-B99BE3B78AFB}.Debug|iPhone.Build.0 = Debug|Any CPU
		{A3FA016F-9806-443B-AD91-B99BE3B78AFB}.Debug|iPhone.Deploy.0 = Debug|Any CPU
		{A3FA016F-9806-443B-AD91-B99BE3B78AFB}.Debug|iPhoneSimulator.ActiveCfg = Debug|Any CPU
		{A3FA016F-9806-443B-AD91-B99BE3B78AFB}.Debug|iPhoneSimulator.Build.0 = Debug|Any CPU
		{A3FA016F-9806-443B-AD91-B99BE3B78AFB}.Debug|iPhoneSimulator.Deploy.0 = Debug|Any CPU
		{A3FA016F-9806-443B-AD91-B99BE3B78AFB}.Debug|x64.ActiveCfg = Debug|Any CPU
		{A3FA016F-9806-443B-AD91-B99BE3B78AFB}.Debug|x64.Build.0 = Debug|Any CPU
		{A3FA016F-9806-443B-AD91-B99BE3B78AFB}.Debug|x64.Deploy.0 = Debug|Any CPU
		{A3FA016F-9806-443B-AD91-B99BE3B78AFB}.Debug|x86.ActiveCfg = Debug|Any CPU
		{A3FA016F-9806-443B-AD91-B99BE3B78AFB}.Debug|x86.Build.0 = Debug|Any CPU
		{A3FA016F-9806-443B-AD91-B99BE3B78AFB}.Debug|x86.Deploy.0 = Debug|Any CPU
		{A3FA016F-9806-443B-AD91-B99BE3B78AFB}.Release|Any CPU.ActiveCfg = Release|Any CPU
		{A3FA016F-9806-443B-AD91-B99BE3B78AFB}.Release|Any CPU.Build.0 = Release|Any CPU
		{A3FA016F-9806-443B-AD91-B99BE3B78AFB}.Release|Any CPU.Deploy.0 = Release|Any CPU
		{A3FA016F-9806-443B-AD91-B99BE3B78AFB}.Release|ARM.ActiveCfg = Release|Any CPU
		{A3FA016F-9806-443B-AD91-B99BE3B78AFB}.Release|ARM.Build.0 = Release|Any CPU
		{A3FA016F-9806-443B-AD91-B99BE3B78AFB}.Release|ARM.Deploy.0 = Release|Any CPU
		{A3FA016F-9806-443B-AD91-B99BE3B78AFB}.Release|iPhone.ActiveCfg = Release|Any CPU
		{A3FA016F-9806-443B-AD91-B99BE3B78AFB}.Release|iPhone.Build.0 = Release|Any CPU
		{A3FA016F-9806-443B-AD91-B99BE3B78AFB}.Release|iPhone.Deploy.0 = Release|Any CPU
		{A3FA016F-9806-443B-AD91-B99BE3B78AFB}.Release|iPhoneSimulator.ActiveCfg = Release|Any CPU
		{A3FA016F-9806-443B-AD91-B99BE3B78AFB}.Release|iPhoneSimulator.Build.0 = Release|Any CPU
		{A3FA016F-9806-443B-AD91-B99BE3B78AFB}.Release|iPhoneSimulator.Deploy.0 = Release|Any CPU
		{A3FA016F-9806-443B-AD91-B99BE3B78AFB}.Release|x64.ActiveCfg = Release|Any CPU
		{A3FA016F-9806-443B-AD91-B99BE3B78AFB}.Release|x64.Build.0 = Release|Any CPU
		{A3FA016F-9806-443B-AD91-B99BE3B78AFB}.Release|x64.Deploy.0 = Release|Any CPU
		{A3FA016F-9806-443B-AD91-B99BE3B78AFB}.Release|x86.ActiveCfg = Release|Any CPU
		{A3FA016F-9806-443B-AD91-B99BE3B78AFB}.Release|x86.Build.0 = Release|Any CPU
		{A3FA016F-9806-443B-AD91-B99BE3B78AFB}.Release|x86.Deploy.0 = Release|Any CPU
		{42DB3DCD-EDEA-47C3-88AD-74D9B81905B6}.Ad-Hoc|Any CPU.ActiveCfg = Ad-Hoc|iPhone
		{42DB3DCD-EDEA-47C3-88AD-74D9B81905B6}.Ad-Hoc|Any CPU.Build.0 = Ad-Hoc|iPhone
		{42DB3DCD-EDEA-47C3-88AD-74D9B81905B6}.Ad-Hoc|Any CPU.Deploy.0 = Ad-Hoc|iPhone
		{42DB3DCD-EDEA-47C3-88AD-74D9B81905B6}.Ad-Hoc|ARM.ActiveCfg = Ad-Hoc|iPhone
		{42DB3DCD-EDEA-47C3-88AD-74D9B81905B6}.Ad-Hoc|ARM.Build.0 = Ad-Hoc|iPhone
		{42DB3DCD-EDEA-47C3-88AD-74D9B81905B6}.Ad-Hoc|ARM.Deploy.0 = Ad-Hoc|iPhone
		{42DB3DCD-EDEA-47C3-88AD-74D9B81905B6}.Ad-Hoc|iPhone.ActiveCfg = Ad-Hoc|iPhone
		{42DB3DCD-EDEA-47C3-88AD-74D9B81905B6}.Ad-Hoc|iPhone.Build.0 = Ad-Hoc|iPhone
		{42DB3DCD-EDEA-47C3-88AD-74D9B81905B6}.Ad-Hoc|iPhone.Deploy.0 = Ad-Hoc|iPhone
		{42DB3DCD-EDEA-47C3-88AD-74D9B81905B6}.Ad-Hoc|iPhoneSimulator.ActiveCfg = Ad-Hoc|iPhoneSimulator
		{42DB3DCD-EDEA-47C3-88AD-74D9B81905B6}.Ad-Hoc|iPhoneSimulator.Build.0 = Ad-Hoc|iPhoneSimulator
		{42DB3DCD-EDEA-47C3-88AD-74D9B81905B6}.Ad-Hoc|iPhoneSimulator.Deploy.0 = Ad-Hoc|iPhoneSimulator
		{42DB3DCD-EDEA-47C3-88AD-74D9B81905B6}.Ad-Hoc|x64.ActiveCfg = Ad-Hoc|iPhone
		{42DB3DCD-EDEA-47C3-88AD-74D9B81905B6}.Ad-Hoc|x64.Build.0 = Ad-Hoc|iPhone
		{42DB3DCD-EDEA-47C3-88AD-74D9B81905B6}.Ad-Hoc|x64.Deploy.0 = Ad-Hoc|iPhone
		{42DB3DCD-EDEA-47C3-88AD-74D9B81905B6}.Ad-Hoc|x86.ActiveCfg = Ad-Hoc|iPhone
		{42DB3DCD-EDEA-47C3-88AD-74D9B81905B6}.Ad-Hoc|x86.Build.0 = Ad-Hoc|iPhone
		{42DB3DCD-EDEA-47C3-88AD-74D9B81905B6}.Ad-Hoc|x86.Deploy.0 = Ad-Hoc|iPhone
		{42DB3DCD-EDEA-47C3-88AD-74D9B81905B6}.AppStore|Any CPU.ActiveCfg = AppStore|iPhone
		{42DB3DCD-EDEA-47C3-88AD-74D9B81905B6}.AppStore|Any CPU.Build.0 = AppStore|iPhone
		{42DB3DCD-EDEA-47C3-88AD-74D9B81905B6}.AppStore|Any CPU.Deploy.0 = AppStore|iPhone
		{42DB3DCD-EDEA-47C3-88AD-74D9B81905B6}.AppStore|ARM.ActiveCfg = AppStore|iPhone
		{42DB3DCD-EDEA-47C3-88AD-74D9B81905B6}.AppStore|ARM.Build.0 = AppStore|iPhone
		{42DB3DCD-EDEA-47C3-88AD-74D9B81905B6}.AppStore|ARM.Deploy.0 = AppStore|iPhone
		{42DB3DCD-EDEA-47C3-88AD-74D9B81905B6}.AppStore|iPhone.ActiveCfg = AppStore|iPhone
		{42DB3DCD-EDEA-47C3-88AD-74D9B81905B6}.AppStore|iPhone.Build.0 = AppStore|iPhone
		{42DB3DCD-EDEA-47C3-88AD-74D9B81905B6}.AppStore|iPhone.Deploy.0 = AppStore|iPhone
		{42DB3DCD-EDEA-47C3-88AD-74D9B81905B6}.AppStore|iPhoneSimulator.ActiveCfg = AppStore|iPhoneSimulator
		{42DB3DCD-EDEA-47C3-88AD-74D9B81905B6}.AppStore|iPhoneSimulator.Build.0 = AppStore|iPhoneSimulator
		{42DB3DCD-EDEA-47C3-88AD-74D9B81905B6}.AppStore|iPhoneSimulator.Deploy.0 = AppStore|iPhoneSimulator
		{42DB3DCD-EDEA-47C3-88AD-74D9B81905B6}.AppStore|x64.ActiveCfg = AppStore|iPhone
		{42DB3DCD-EDEA-47C3-88AD-74D9B81905B6}.AppStore|x64.Build.0 = AppStore|iPhone
		{42DB3DCD-EDEA-47C3-88AD-74D9B81905B6}.AppStore|x64.Deploy.0 = AppStore|iPhone
		{42DB3DCD-EDEA-47C3-88AD-74D9B81905B6}.AppStore|x86.ActiveCfg = AppStore|iPhone
		{42DB3DCD-EDEA-47C3-88AD-74D9B81905B6}.AppStore|x86.Build.0 = AppStore|iPhone
		{42DB3DCD-EDEA-47C3-88AD-74D9B81905B6}.AppStore|x86.Deploy.0 = AppStore|iPhone
		{42DB3DCD-EDEA-47C3-88AD-74D9B81905B6}.Debug|Any CPU.ActiveCfg = Debug|iPhoneSimulator
		{42DB3DCD-EDEA-47C3-88AD-74D9B81905B6}.Debug|Any CPU.Build.0 = Debug|iPhoneSimulator
		{42DB3DCD-EDEA-47C3-88AD-74D9B81905B6}.Debug|Any CPU.Deploy.0 = Debug|iPhoneSimulator
		{42DB3DCD-EDEA-47C3-88AD-74D9B81905B6}.Debug|ARM.ActiveCfg = Debug|iPhone
		{42DB3DCD-EDEA-47C3-88AD-74D9B81905B6}.Debug|ARM.Build.0 = Debug|iPhone
		{42DB3DCD-EDEA-47C3-88AD-74D9B81905B6}.Debug|ARM.Deploy.0 = Debug|iPhone
		{42DB3DCD-EDEA-47C3-88AD-74D9B81905B6}.Debug|iPhone.ActiveCfg = Debug|iPhone
		{42DB3DCD-EDEA-47C3-88AD-74D9B81905B6}.Debug|iPhone.Build.0 = Debug|iPhone
		{42DB3DCD-EDEA-47C3-88AD-74D9B81905B6}.Debug|iPhone.Deploy.0 = Debug|iPhone
		{42DB3DCD-EDEA-47C3-88AD-74D9B81905B6}.Debug|iPhoneSimulator.ActiveCfg = Debug|iPhoneSimulator
		{42DB3DCD-EDEA-47C3-88AD-74D9B81905B6}.Debug|iPhoneSimulator.Build.0 = Debug|iPhoneSimulator
		{42DB3DCD-EDEA-47C3-88AD-74D9B81905B6}.Debug|iPhoneSimulator.Deploy.0 = Debug|iPhoneSimulator
		{42DB3DCD-EDEA-47C3-88AD-74D9B81905B6}.Debug|x64.ActiveCfg = Debug|iPhone
		{42DB3DCD-EDEA-47C3-88AD-74D9B81905B6}.Debug|x64.Build.0 = Debug|iPhone
		{42DB3DCD-EDEA-47C3-88AD-74D9B81905B6}.Debug|x64.Deploy.0 = Debug|iPhone
		{42DB3DCD-EDEA-47C3-88AD-74D9B81905B6}.Debug|x86.ActiveCfg = Debug|iPhone
		{42DB3DCD-EDEA-47C3-88AD-74D9B81905B6}.Debug|x86.Build.0 = Debug|iPhone
		{42DB3DCD-EDEA-47C3-88AD-74D9B81905B6}.Debug|x86.Deploy.0 = Debug|iPhone
		{42DB3DCD-EDEA-47C3-88AD-74D9B81905B6}.Release|Any CPU.ActiveCfg = Release|iPhone
		{42DB3DCD-EDEA-47C3-88AD-74D9B81905B6}.Release|Any CPU.Build.0 = Release|iPhone
		{42DB3DCD-EDEA-47C3-88AD-74D9B81905B6}.Release|Any CPU.Deploy.0 = Release|iPhone
		{42DB3DCD-EDEA-47C3-88AD-74D9B81905B6}.Release|ARM.ActiveCfg = Release|iPhone
		{42DB3DCD-EDEA-47C3-88AD-74D9B81905B6}.Release|ARM.Build.0 = Release|iPhone
		{42DB3DCD-EDEA-47C3-88AD-74D9B81905B6}.Release|ARM.Deploy.0 = Release|iPhone
		{42DB3DCD-EDEA-47C3-88AD-74D9B81905B6}.Release|iPhone.ActiveCfg = Release|iPhone
		{42DB3DCD-EDEA-47C3-88AD-74D9B81905B6}.Release|iPhone.Build.0 = Release|iPhone
		{42DB3DCD-EDEA-47C3-88AD-74D9B81905B6}.Release|iPhone.Deploy.0 = Release|iPhone
		{42DB3DCD-EDEA-47C3-88AD-74D9B81905B6}.Release|iPhoneSimulator.ActiveCfg = Release|iPhoneSimulator
		{42DB3DCD-EDEA-47C3-88AD-74D9B81905B6}.Release|iPhoneSimulator.Build.0 = Release|iPhoneSimulator
		{42DB3DCD-EDEA-47C3-88AD-74D9B81905B6}.Release|iPhoneSimulator.Deploy.0 = Release|iPhoneSimulator
		{42DB3DCD-EDEA-47C3-88AD-74D9B81905B6}.Release|x64.ActiveCfg = Release|iPhone
		{42DB3DCD-EDEA-47C3-88AD-74D9B81905B6}.Release|x64.Build.0 = Release|iPhone
		{42DB3DCD-EDEA-47C3-88AD-74D9B81905B6}.Release|x64.Deploy.0 = Release|iPhone
		{42DB3DCD-EDEA-47C3-88AD-74D9B81905B6}.Release|x86.ActiveCfg = Release|iPhone
		{42DB3DCD-EDEA-47C3-88AD-74D9B81905B6}.Release|x86.Build.0 = Release|iPhone
		{42DB3DCD-EDEA-47C3-88AD-74D9B81905B6}.Release|x86.Deploy.0 = Release|iPhone
		{48330097-B9DB-400C-8FE2-FD40C1907067}.Ad-Hoc|Any CPU.ActiveCfg = Release|x86
		{48330097-B9DB-400C-8FE2-FD40C1907067}.Ad-Hoc|Any CPU.Build.0 = Release|x86
		{48330097-B9DB-400C-8FE2-FD40C1907067}.Ad-Hoc|Any CPU.Deploy.0 = Release|x86
		{48330097-B9DB-400C-8FE2-FD40C1907067}.Ad-Hoc|ARM.ActiveCfg = Release|ARM
		{48330097-B9DB-400C-8FE2-FD40C1907067}.Ad-Hoc|ARM.Build.0 = Release|ARM
		{48330097-B9DB-400C-8FE2-FD40C1907067}.Ad-Hoc|ARM.Deploy.0 = Release|ARM
		{48330097-B9DB-400C-8FE2-FD40C1907067}.Ad-Hoc|iPhone.ActiveCfg = Release|x86
		{48330097-B9DB-400C-8FE2-FD40C1907067}.Ad-Hoc|iPhone.Build.0 = Release|x86
		{48330097-B9DB-400C-8FE2-FD40C1907067}.Ad-Hoc|iPhone.Deploy.0 = Release|x86
		{48330097-B9DB-400C-8FE2-FD40C1907067}.Ad-Hoc|iPhoneSimulator.ActiveCfg = Release|x86
		{48330097-B9DB-400C-8FE2-FD40C1907067}.Ad-Hoc|iPhoneSimulator.Build.0 = Release|x86
		{48330097-B9DB-400C-8FE2-FD40C1907067}.Ad-Hoc|iPhoneSimulator.Deploy.0 = Release|x86
		{48330097-B9DB-400C-8FE2-FD40C1907067}.Ad-Hoc|x64.ActiveCfg = Release|x64
		{48330097-B9DB-400C-8FE2-FD40C1907067}.Ad-Hoc|x64.Build.0 = Release|x64
		{48330097-B9DB-400C-8FE2-FD40C1907067}.Ad-Hoc|x64.Deploy.0 = Release|x64
		{48330097-B9DB-400C-8FE2-FD40C1907067}.Ad-Hoc|x86.ActiveCfg = Release|x86
		{48330097-B9DB-400C-8FE2-FD40C1907067}.Ad-Hoc|x86.Build.0 = Release|x86
		{48330097-B9DB-400C-8FE2-FD40C1907067}.Ad-Hoc|x86.Deploy.0 = Release|x86
		{48330097-B9DB-400C-8FE2-FD40C1907067}.AppStore|Any CPU.ActiveCfg = Release|x86
		{48330097-B9DB-400C-8FE2-FD40C1907067}.AppStore|Any CPU.Build.0 = Release|x86
		{48330097-B9DB-400C-8FE2-FD40C1907067}.AppStore|Any CPU.Deploy.0 = Release|x86
		{48330097-B9DB-400C-8FE2-FD40C1907067}.AppStore|ARM.ActiveCfg = Release|ARM
		{48330097-B9DB-400C-8FE2-FD40C1907067}.AppStore|ARM.Build.0 = Release|ARM
		{48330097-B9DB-400C-8FE2-FD40C1907067}.AppStore|ARM.Deploy.0 = Release|ARM
		{48330097-B9DB-400C-8FE2-FD40C1907067}.AppStore|iPhone.ActiveCfg = Release|x86
		{48330097-B9DB-400C-8FE2-FD40C1907067}.AppStore|iPhone.Build.0 = Release|x86
		{48330097-B9DB-400C-8FE2-FD40C1907067}.AppStore|iPhone.Deploy.0 = Release|x86
		{48330097-B9DB-400C-8FE2-FD40C1907067}.AppStore|iPhoneSimulator.ActiveCfg = Release|x86
		{48330097-B9DB-400C-8FE2-FD40C1907067}.AppStore|iPhoneSimulator.Build.0 = Release|x86
		{48330097-B9DB-400C-8FE2-FD40C1907067}.AppStore|iPhoneSimulator.Deploy.0 = Release|x86
		{48330097-B9DB-400C-8FE2-FD40C1907067}.AppStore|x64.ActiveCfg = Release|x64
		{48330097-B9DB-400C-8FE2-FD40C1907067}.AppStore|x64.Build.0 = Release|x64
		{48330097-B9DB-400C-8FE2-FD40C1907067}.AppStore|x64.Deploy.0 = Release|x64
		{48330097-B9DB-400C-8FE2-FD40C1907067}.AppStore|x86.ActiveCfg = Release|x86
		{48330097-B9DB-400C-8FE2-FD40C1907067}.AppStore|x86.Build.0 = Release|x86
		{48330097-B9DB-400C-8FE2-FD40C1907067}.AppStore|x86.Deploy.0 = Release|x86
		{48330097-B9DB-400C-8FE2-FD40C1907067}.Debug|Any CPU.ActiveCfg = Debug|x86
		{48330097-B9DB-400C-8FE2-FD40C1907067}.Debug|Any CPU.Build.0 = Debug|x86
		{48330097-B9DB-400C-8FE2-FD40C1907067}.Debug|Any CPU.Deploy.0 = Debug|x86
		{48330097-B9DB-400C-8FE2-FD40C1907067}.Debug|ARM.ActiveCfg = Debug|ARM
		{48330097-B9DB-400C-8FE2-FD40C1907067}.Debug|ARM.Build.0 = Debug|ARM
		{48330097-B9DB-400C-8FE2-FD40C1907067}.Debug|ARM.Deploy.0 = Debug|ARM
		{48330097-B9DB-400C-8FE2-FD40C1907067}.Debug|iPhone.ActiveCfg = Debug|x86
		{48330097-B9DB-400C-8FE2-FD40C1907067}.Debug|iPhone.Build.0 = Debug|x86
		{48330097-B9DB-400C-8FE2-FD40C1907067}.Debug|iPhone.Deploy.0 = Debug|x86
		{48330097-B9DB-400C-8FE2-FD40C1907067}.Debug|iPhoneSimulator.ActiveCfg = Debug|x86
		{48330097-B9DB-400C-8FE2-FD40C1907067}.Debug|iPhoneSimulator.Build.0 = Debug|x86
		{48330097-B9DB-400C-8FE2-FD40C1907067}.Debug|iPhoneSimulator.Deploy.0 = Debug|x86
		{48330097-B9DB-400C-8FE2-FD40C1907067}.Debug|x64.ActiveCfg = Debug|x64
		{48330097-B9DB-400C-8FE2-FD40C1907067}.Debug|x64.Build.0 = Debug|x64
		{48330097-B9DB-400C-8FE2-FD40C1907067}.Debug|x64.Deploy.0 = Debug|x64
		{48330097-B9DB-400C-8FE2-FD40C1907067}.Debug|x86.ActiveCfg = Debug|x86
		{48330097-B9DB-400C-8FE2-FD40C1907067}.Debug|x86.Build.0 = Debug|x86
		{48330097-B9DB-400C-8FE2-FD40C1907067}.Debug|x86.Deploy.0 = Debug|x86
		{48330097-B9DB-400C-8FE2-FD40C1907067}.Release|Any CPU.ActiveCfg = Release|x86
		{48330097-B9DB-400C-8FE2-FD40C1907067}.Release|Any CPU.Build.0 = Release|x86
		{48330097-B9DB-400C-8FE2-FD40C1907067}.Release|Any CPU.Deploy.0 = Release|x86
		{48330097-B9DB-400C-8FE2-FD40C1907067}.Release|ARM.ActiveCfg = Release|ARM
		{48330097-B9DB-400C-8FE2-FD40C1907067}.Release|ARM.Build.0 = Release|ARM
		{48330097-B9DB-400C-8FE2-FD40C1907067}.Release|ARM.Deploy.0 = Release|ARM
		{48330097-B9DB-400C-8FE2-FD40C1907067}.Release|iPhone.ActiveCfg = Release|x86
		{48330097-B9DB-400C-8FE2-FD40C1907067}.Release|iPhone.Build.0 = Release|x86
		{48330097-B9DB-400C-8FE2-FD40C1907067}.Release|iPhone.Deploy.0 = Release|x86
		{48330097-B9DB-400C-8FE2-FD40C1907067}.Release|iPhoneSimulator.ActiveCfg = Release|x86
		{48330097-B9DB-400C-8FE2-FD40C1907067}.Release|iPhoneSimulator.Build.0 = Release|x86
		{48330097-B9DB-400C-8FE2-FD40C1907067}.Release|iPhoneSimulator.Deploy.0 = Release|x86
		{48330097-B9DB-400C-8FE2-FD40C1907067}.Release|x64.ActiveCfg = Release|x64
		{48330097-B9DB-400C-8FE2-FD40C1907067}.Release|x64.Build.0 = Release|x64
		{48330097-B9DB-400C-8FE2-FD40C1907067}.Release|x64.Deploy.0 = Release|x64
		{48330097-B9DB-400C-8FE2-FD40C1907067}.Release|x86.ActiveCfg = Release|x86
		{48330097-B9DB-400C-8FE2-FD40C1907067}.Release|x86.Build.0 = Release|x86
		{48330097-B9DB-400C-8FE2-FD40C1907067}.Release|x86.Deploy.0 = Release|x86
		{69BE0160-53E7-4676-9F87-765F65C22E77}.Ad-Hoc|Any CPU.ActiveCfg = Debug|Any CPU
		{69BE0160-53E7-4676-9F87-765F65C22E77}.Ad-Hoc|Any CPU.Build.0 = Debug|Any CPU
		{69BE0160-53E7-4676-9F87-765F65C22E77}.Ad-Hoc|Any CPU.Deploy.0 = Debug|Any CPU
		{69BE0160-53E7-4676-9F87-765F65C22E77}.Ad-Hoc|ARM.ActiveCfg = Debug|Any CPU
		{69BE0160-53E7-4676-9F87-765F65C22E77}.Ad-Hoc|ARM.Build.0 = Debug|Any CPU
		{69BE0160-53E7-4676-9F87-765F65C22E77}.Ad-Hoc|ARM.Deploy.0 = Debug|Any CPU
		{69BE0160-53E7-4676-9F87-765F65C22E77}.Ad-Hoc|iPhone.ActiveCfg = Debug|Any CPU
		{69BE0160-53E7-4676-9F87-765F65C22E77}.Ad-Hoc|iPhone.Build.0 = Debug|Any CPU
		{69BE0160-53E7-4676-9F87-765F65C22E77}.Ad-Hoc|iPhone.Deploy.0 = Debug|Any CPU
		{69BE0160-53E7-4676-9F87-765F65C22E77}.Ad-Hoc|iPhoneSimulator.ActiveCfg = Debug|Any CPU
		{69BE0160-53E7-4676-9F87-765F65C22E77}.Ad-Hoc|iPhoneSimulator.Build.0 = Debug|Any CPU
		{69BE0160-53E7-4676-9F87-765F65C22E77}.Ad-Hoc|iPhoneSimulator.Deploy.0 = Debug|Any CPU
		{69BE0160-53E7-4676-9F87-765F65C22E77}.Ad-Hoc|x64.ActiveCfg = Debug|Any CPU
		{69BE0160-53E7-4676-9F87-765F65C22E77}.Ad-Hoc|x64.Build.0 = Debug|Any CPU
		{69BE0160-53E7-4676-9F87-765F65C22E77}.Ad-Hoc|x64.Deploy.0 = Debug|Any CPU
		{69BE0160-53E7-4676-9F87-765F65C22E77}.Ad-Hoc|x86.ActiveCfg = Debug|Any CPU
		{69BE0160-53E7-4676-9F87-765F65C22E77}.Ad-Hoc|x86.Build.0 = Debug|Any CPU
		{69BE0160-53E7-4676-9F87-765F65C22E77}.Ad-Hoc|x86.Deploy.0 = Debug|Any CPU
		{69BE0160-53E7-4676-9F87-765F65C22E77}.AppStore|Any CPU.ActiveCfg = Debug|Any CPU
		{69BE0160-53E7-4676-9F87-765F65C22E77}.AppStore|Any CPU.Build.0 = Debug|Any CPU
		{69BE0160-53E7-4676-9F87-765F65C22E77}.AppStore|Any CPU.Deploy.0 = Debug|Any CPU
		{69BE0160-53E7-4676-9F87-765F65C22E77}.AppStore|ARM.ActiveCfg = Debug|Any CPU
		{69BE0160-53E7-4676-9F87-765F65C22E77}.AppStore|ARM.Build.0 = Debug|Any CPU
		{69BE0160-53E7-4676-9F87-765F65C22E77}.AppStore|ARM.Deploy.0 = Debug|Any CPU
		{69BE0160-53E7-4676-9F87-765F65C22E77}.AppStore|iPhone.ActiveCfg = Debug|Any CPU
		{69BE0160-53E7-4676-9F87-765F65C22E77}.AppStore|iPhone.Build.0 = Debug|Any CPU
		{69BE0160-53E7-4676-9F87-765F65C22E77}.AppStore|iPhone.Deploy.0 = Debug|Any CPU
		{69BE0160-53E7-4676-9F87-765F65C22E77}.AppStore|iPhoneSimulator.ActiveCfg = Debug|Any CPU
		{69BE0160-53E7-4676-9F87-765F65C22E77}.AppStore|iPhoneSimulator.Build.0 = Debug|Any CPU
		{69BE0160-53E7-4676-9F87-765F65C22E77}.AppStore|iPhoneSimulator.Deploy.0 = Debug|Any CPU
		{69BE0160-53E7-4676-9F87-765F65C22E77}.AppStore|x64.ActiveCfg = Debug|Any CPU
		{69BE0160-53E7-4676-9F87-765F65C22E77}.AppStore|x64.Build.0 = Debug|Any CPU
		{69BE0160-53E7-4676-9F87-765F65C22E77}.AppStore|x64.Deploy.0 = Debug|Any CPU
		{69BE0160-53E7-4676-9F87-765F65C22E77}.AppStore|x86.ActiveCfg = Debug|Any CPU
		{69BE0160-53E7-4676-9F87-765F65C22E77}.AppStore|x86.Build.0 = Debug|Any CPU
		{69BE0160-53E7-4676-9F87-765F65C22E77}.AppStore|x86.Deploy.0 = Debug|Any CPU
		{69BE0160-53E7-4676-9F87-765F65C22E77}.Debug|Any CPU.ActiveCfg = Debug|Any CPU
		{69BE0160-53E7-4676-9F87-765F65C22E77}.Debug|Any CPU.Build.0 = Debug|Any CPU
		{69BE0160-53E7-4676-9F87-765F65C22E77}.Debug|Any CPU.Deploy.0 = Debug|Any CPU
		{69BE0160-53E7-4676-9F87-765F65C22E77}.Debug|ARM.ActiveCfg = Debug|Any CPU
		{69BE0160-53E7-4676-9F87-765F65C22E77}.Debug|ARM.Build.0 = Debug|Any CPU
		{69BE0160-53E7-4676-9F87-765F65C22E77}.Debug|ARM.Deploy.0 = Debug|Any CPU
		{69BE0160-53E7-4676-9F87-765F65C22E77}.Debug|iPhone.ActiveCfg = Debug|Any CPU
		{69BE0160-53E7-4676-9F87-765F65C22E77}.Debug|iPhone.Build.0 = Debug|Any CPU
		{69BE0160-53E7-4676-9F87-765F65C22E77}.Debug|iPhone.Deploy.0 = Debug|Any CPU
		{69BE0160-53E7-4676-9F87-765F65C22E77}.Debug|iPhoneSimulator.ActiveCfg = Debug|Any CPU
		{69BE0160-53E7-4676-9F87-765F65C22E77}.Debug|iPhoneSimulator.Build.0 = Debug|Any CPU
		{69BE0160-53E7-4676-9F87-765F65C22E77}.Debug|iPhoneSimulator.Deploy.0 = Debug|Any CPU
		{69BE0160-53E7-4676-9F87-765F65C22E77}.Debug|x64.ActiveCfg = Debug|Any CPU
		{69BE0160-53E7-4676-9F87-765F65C22E77}.Debug|x64.Build.0 = Debug|Any CPU
		{69BE0160-53E7-4676-9F87-765F65C22E77}.Debug|x64.Deploy.0 = Debug|Any CPU
		{69BE0160-53E7-4676-9F87-765F65C22E77}.Debug|x86.ActiveCfg = Debug|Any CPU
		{69BE0160-53E7-4676-9F87-765F65C22E77}.Debug|x86.Build.0 = Debug|Any CPU
		{69BE0160-53E7-4676-9F87-765F65C22E77}.Debug|x86.Deploy.0 = Debug|Any CPU
		{69BE0160-53E7-4676-9F87-765F65C22E77}.Release|Any CPU.ActiveCfg = Release|Any CPU
		{69BE0160-53E7-4676-9F87-765F65C22E77}.Release|Any CPU.Build.0 = Release|Any CPU
		{69BE0160-53E7-4676-9F87-765F65C22E77}.Release|Any CPU.Deploy.0 = Release|Any CPU
		{69BE0160-53E7-4676-9F87-765F65C22E77}.Release|ARM.ActiveCfg = Release|Any CPU
		{69BE0160-53E7-4676-9F87-765F65C22E77}.Release|ARM.Build.0 = Release|Any CPU
		{69BE0160-53E7-4676-9F87-765F65C22E77}.Release|ARM.Deploy.0 = Release|Any CPU
		{69BE0160-53E7-4676-9F87-765F65C22E77}.Release|iPhone.ActiveCfg = Release|Any CPU
		{69BE0160-53E7-4676-9F87-765F65C22E77}.Release|iPhone.Build.0 = Release|Any CPU
		{69BE0160-53E7-4676-9F87-765F65C22E77}.Release|iPhone.Deploy.0 = Release|Any CPU
		{69BE0160-53E7-4676-9F87-765F65C22E77}.Release|iPhoneSimulator.ActiveCfg = Release|Any CPU
		{69BE0160-53E7-4676-9F87-765F65C22E77}.Release|iPhoneSimulator.Build.0 = Release|Any CPU
		{69BE0160-53E7-4676-9F87-765F65C22E77}.Release|iPhoneSimulator.Deploy.0 = Release|Any CPU
		{69BE0160-53E7-4676-9F87-765F65C22E77}.Release|x64.ActiveCfg = Release|Any CPU
		{69BE0160-53E7-4676-9F87-765F65C22E77}.Release|x64.Build.0 = Release|Any CPU
		{69BE0160-53E7-4676-9F87-765F65C22E77}.Release|x64.Deploy.0 = Release|Any CPU
		{69BE0160-53E7-4676-9F87-765F65C22E77}.Release|x86.ActiveCfg = Release|Any CPU
		{69BE0160-53E7-4676-9F87-765F65C22E77}.Release|x86.Build.0 = Release|Any CPU
		{69BE0160-53E7-4676-9F87-765F65C22E77}.Release|x86.Deploy.0 = Release|Any CPU
	EndGlobalSection
	GlobalSection(SolutionProperties) = preSolution
		HideSolutionNode = FALSE
	EndGlobalSection
	GlobalSection(ExtensibilityGlobals) = postSolution
		SolutionGuid = {3F6A974B-81D8-4197-8D75-7740273DC3CB}
	EndGlobalSection
EndGlobal
