
Microsoft Visual Studio Solution File, Format Version 12.00
# Visual Studio 15
VisualStudioVersion = 15.0.28307.168
MinimumVisualStudioVersion = 10.0.40219.1
Project("{FAE04EC0-301F-11D3-BF4B-00C04F79EFBC}") = "App01_ConsultaCEP.Android", "App01_ConsultaCEP\App01_ConsultaCEP.Android\App01_ConsultaCEP.Android.csproj", "{92208E31-2256-4365-8093-B7065D4B18F3}"
EndProject
Project("{FAE04EC0-301F-11D3-BF4B-00C04F79EFBC}") = "App01_ConsultaCEP.iOS", "App01_ConsultaCEP\App01_ConsultaCEP.iOS\App01_ConsultaCEP.iOS.csproj", "{7E6EA989-D21F-458B-B4A2-E800C7EDBFB5}"
EndProject
Project("{FAE04EC0-301F-11D3-BF4B-00C04F79EFBC}") = "App01_ConsultaCEP.UWP", "App01_ConsultaCEP\App01_ConsultaCEP.UWP\App01_ConsultaCEP.UWP.csproj", "{B41B507B-C64D-448F-B41E-4410BC05E2E5}"
EndProject
Project("{FAE04EC0-301F-11D3-BF4B-00C04F79EFBC}") = "App01_ConsultaCEP", "App01_ConsultaCEP\App01_ConsultaCEP\App01_ConsultaCEP.csproj", "{F0DACBBC-205E-423E-AAC9-3DA77E167F35}"
EndProject
Global
	GlobalSection(SolutionConfigurationPlatforms) = preSolution
		Ad-Hoc|Any CPU = Ad-Hoc|Any CPU
		Ad-Hoc|ARM = Ad-Hoc|ARM
		Ad-Hoc|iPhone = Ad-Hoc|iPhone
		Ad-Hoc|iPhoneSimulator = Ad-Hoc|iPhoneSimulator
		Ad-Hoc|x64 = Ad-Hoc|x64
		Ad-Hoc|x86 = Ad-Hoc|x86
		AppStore|Any CPU = AppStore|Any CPU
		AppStore|ARM = AppStore|ARM
		AppStore|iPhone = AppStore|iPhone
		AppStore|iPhoneSimulator = AppStore|iPhoneSimulator
		AppStore|x64 = AppStore|x64
		AppStore|x86 = AppStore|x86
		Debug|Any CPU = Debug|Any CPU
		Debug|ARM = Debug|ARM
		Debug|iPhone = Debug|iPhone
		Debug|iPhoneSimulator = Debug|iPhoneSimulator
		Debug|x64 = Debug|x64
		Debug|x86 = Debug|x86
		Release|Any CPU = Release|Any CPU
		Release|ARM = Release|ARM
		Release|iPhone = Release|iPhone
		Release|iPhoneSimulator = Release|iPhoneSimulator
		Release|x64 = Release|x64
		Release|x86 = Release|x86
	EndGlobalSection
	GlobalSection(ProjectConfigurationPlatforms) = postSolution
		{92208E31-2256-4365-8093-B7065D4B18F3}.Ad-Hoc|Any CPU.ActiveCfg = Release|Any CPU
		{92208E31-2256-4365-8093-B7065D4B18F3}.Ad-Hoc|Any CPU.Build.0 = Release|Any CPU
		{92208E31-2256-4365-8093-B7065D4B18F3}.Ad-Hoc|Any CPU.Deploy.0 = Release|Any CPU
		{92208E31-2256-4365-8093-B7065D4B18F3}.Ad-Hoc|ARM.ActiveCfg = Release|Any CPU
		{92208E31-2256-4365-8093-B7065D4B18F3}.Ad-Hoc|ARM.Build.0 = Release|Any CPU
		{92208E31-2256-4365-8093-B7065D4B18F3}.Ad-Hoc|ARM.Deploy.0 = Release|Any CPU
		{92208E31-2256-4365-8093-B7065D4B18F3}.Ad-Hoc|iPhone.ActiveCfg = Release|Any CPU
		{92208E31-2256-4365-8093-B7065D4B18F3}.Ad-Hoc|iPhone.Build.0 = Release|Any CPU
		{92208E31-2256-4365-8093-B7065D4B18F3}.Ad-Hoc|iPhone.Deploy.0 = Release|Any CPU
		{92208E31-2256-4365-8093-B7065D4B18F3}.Ad-Hoc|iPhoneSimulator.ActiveCfg = Release|Any CPU
		{92208E31-2256-4365-8093-B7065D4B18F3}.Ad-Hoc|iPhoneSimulator.Build.0 = Release|Any CPU
		{92208E31-2256-4365-8093-B7065D4B18F3}.Ad-Hoc|iPhoneSimulator.Deploy.0 = Release|Any CPU
		{92208E31-2256-4365-8093-B7065D4B18F3}.Ad-Hoc|x64.ActiveCfg = Release|Any CPU
		{92208E31-2256-4365-8093-B7065D4B18F3}.Ad-Hoc|x64.Build.0 = Release|Any CPU
		{92208E31-2256-4365-8093-B7065D4B18F3}.Ad-Hoc|x64.Deploy.0 = Release|Any CPU
		{92208E31-2256-4365-8093-B7065D4B18F3}.Ad-Hoc|x86.ActiveCfg = Release|Any CPU
		{92208E31-2256-4365-8093-B7065D4B18F3}.Ad-Hoc|x86.Build.0 = Release|Any CPU
		{92208E31-2256-4365-8093-B7065D4B18F3}.Ad-Hoc|x86.Deploy.0 = Release|Any CPU
		{92208E31-2256-4365-8093-B7065D4B18F3}.AppStore|Any CPU.ActiveCfg = Release|Any CPU
		{92208E31-2256-4365-8093-B7065D4B18F3}.AppStore|Any CPU.Build.0 = Release|Any CPU
		{92208E31-2256-4365-8093-B7065D4B18F3}.AppStore|Any CPU.Deploy.0 = Release|Any CPU
		{92208E31-2256-4365-8093-B7065D4B18F3}.AppStore|ARM.ActiveCfg = Release|Any CPU
		{92208E31-2256-4365-8093-B7065D4B18F3}.AppStore|ARM.Build.0 = Release|Any CPU
		{92208E31-2256-4365-8093-B7065D4B18F3}.AppStore|ARM.Deploy.0 = Release|Any CPU
		{92208E31-2256-4365-8093-B7065D4B18F3}.AppStore|iPhone.ActiveCfg = Release|Any CPU
		{92208E31-2256-4365-8093-B7065D4B18F3}.AppStore|iPhone.Build.0 = Release|Any CPU
		{92208E31-2256-4365-8093-B7065D4B18F3}.AppStore|iPhone.Deploy.0 = Release|Any CPU
		{92208E31-2256-4365-8093-B7065D4B18F3}.AppStore|iPhoneSimulator.ActiveCfg = Release|Any CPU
		{92208E31-2256-4365-8093-B7065D4B18F3}.AppStore|iPhoneSimulator.Build.0 = Release|Any CPU
		{92208E31-2256-4365-8093-B7065D4B18F3}.AppStore|iPhoneSimulator.Deploy.0 = Release|Any CPU
		{92208E31-2256-4365-8093-B7065D4B18F3}.AppStore|x64.ActiveCfg = Release|Any CPU
		{92208E31-2256-4365-8093-B7065D4B18F3}.AppStore|x64.Build.0 = Release|Any CPU
		{92208E31-2256-4365-8093-B7065D4B18F3}.AppStore|x64.Deploy.0 = Release|Any CPU
		{92208E31-2256-4365-8093-B7065D4B18F3}.AppStore|x86.ActiveCfg = Release|Any CPU
		{92208E31-2256-4365-8093-B7065D4B18F3}.AppStore|x86.Build.0 = Release|Any CPU
		{92208E31-2256-4365-8093-B7065D4B18F3}.AppStore|x86.Deploy.0 = Release|Any CPU
		{92208E31-2256-4365-8093-B7065D4B18F3}.Debug|Any CPU.ActiveCfg = Debug|Any CPU
		{92208E31-2256-4365-8093-B7065D4B18F3}.Debug|Any CPU.Build.0 = Debug|Any CPU
		{92208E31-2256-4365-8093-B7065D4B18F3}.Debug|Any CPU.Deploy.0 = Debug|Any CPU
		{92208E31-2256-4365-8093-B7065D4B18F3}.Debug|ARM.ActiveCfg = Debug|Any CPU
		{92208E31-2256-4365-8093-B7065D4B18F3}.Debug|ARM.Build.0 = Debug|Any CPU
		{92208E31-2256-4365-8093-B7065D4B18F3}.Debug|ARM.Deploy.0 = Debug|Any CPU
		{92208E31-2256-4365-8093-B7065D4B18F3}.Debug|iPhone.ActiveCfg = Debug|Any CPU
		{92208E31-2256-4365-8093-B7065D4B18F3}.Debug|iPhone.Build.0 = Debug|Any CPU
		{92208E31-2256-4365-8093-B7065D4B18F3}.Debug|iPhone.Deploy.0 = Debug|Any CPU
		{92208E31-2256-4365-8093-B7065D4B18F3}.Debug|iPhoneSimulator.ActiveCfg = Debug|Any CPU
		{92208E31-2256-4365-8093-B7065D4B18F3}.Debug|iPhoneSimulator.Build.0 = Debug|Any CPU
		{92208E31-2256-4365-8093-B7065D4B18F3}.Debug|iPhoneSimulator.Deploy.0 = Debug|Any CPU
		{92208E31-2256-4365-8093-B7065D4B18F3}.Debug|x64.ActiveCfg = Debug|Any CPU
		{92208E31-2256-4365-8093-B7065D4B18F3}.Debug|x64.Build.0 = Debug|Any CPU
		{92208E31-2256-4365-8093-B7065D4B18F3}.Debug|x64.Deploy.0 = Debug|Any CPU
		{92208E31-2256-4365-8093-B7065D4B18F3}.Debug|x86.ActiveCfg = Debug|Any CPU
		{92208E31-2256-4365-8093-B7065D4B18F3}.Debug|x86.Build.0 = Debug|Any CPU
		{92208E31-2256-4365-8093-B7065D4B18F3}.Debug|x86.Deploy.0 = Debug|Any CPU
		{92208E31-2256-4365-8093-B7065D4B18F3}.Release|Any CPU.ActiveCfg = Release|Any CPU
		{92208E31-2256-4365-8093-B7065D4B18F3}.Release|Any CPU.Build.0 = Release|Any CPU
		{92208E31-2256-4365-8093-B7065D4B18F3}.Release|Any CPU.Deploy.0 = Release|Any CPU
		{92208E31-2256-4365-8093-B7065D4B18F3}.Release|ARM.ActiveCfg = Release|Any CPU
		{92208E31-2256-4365-8093-B7065D4B18F3}.Release|ARM.Build.0 = Release|Any CPU
		{92208E31-2256-4365-8093-B7065D4B18F3}.Release|ARM.Deploy.0 = Release|Any CPU
		{92208E31-2256-4365-8093-B7065D4B18F3}.Release|iPhone.ActiveCfg = Release|Any CPU
		{92208E31-2256-4365-8093-B7065D4B18F3}.Release|iPhone.Build.0 = Release|Any CPU
		{92208E31-2256-4365-8093-B7065D4B18F3}.Release|iPhone.Deploy.0 = Release|Any CPU
		{92208E31-2256-4365-8093-B7065D4B18F3}.Release|iPhoneSimulator.ActiveCfg = Release|Any CPU
		{92208E31-2256-4365-8093-B7065D4B18F3}.Release|iPhoneSimulator.Build.0 = Release|Any CPU
		{92208E31-2256-4365-8093-B7065D4B18F3}.Release|iPhoneSimulator.Deploy.0 = Release|Any CPU
		{92208E31-2256-4365-8093-B7065D4B18F3}.Release|x64.ActiveCfg = Release|Any CPU
		{92208E31-2256-4365-8093-B7065D4B18F3}.Release|x64.Build.0 = Release|Any CPU
		{92208E31-2256-4365-8093-B7065D4B18F3}.Release|x64.Deploy.0 = Release|Any CPU
		{92208E31-2256-4365-8093-B7065D4B18F3}.Release|x86.ActiveCfg = Release|Any CPU
		{92208E31-2256-4365-8093-B7065D4B18F3}.Release|x86.Build.0 = Release|Any CPU
		{92208E31-2256-4365-8093-B7065D4B18F3}.Release|x86.Deploy.0 = Release|Any CPU
		{7E6EA989-D21F-458B-B4A2-E800C7EDBFB5}.Ad-Hoc|Any CPU.ActiveCfg = Ad-Hoc|iPhone
		{7E6EA989-D21F-458B-B4A2-E800C7EDBFB5}.Ad-Hoc|Any CPU.Build.0 = Ad-Hoc|iPhone
		{7E6EA989-D21F-458B-B4A2-E800C7EDBFB5}.Ad-Hoc|Any CPU.Deploy.0 = Ad-Hoc|iPhone
		{7E6EA989-D21F-458B-B4A2-E800C7EDBFB5}.Ad-Hoc|ARM.ActiveCfg = Ad-Hoc|iPhone
		{7E6EA989-D21F-458B-B4A2-E800C7EDBFB5}.Ad-Hoc|ARM.Build.0 = Ad-Hoc|iPhone
		{7E6EA989-D21F-458B-B4A2-E800C7EDBFB5}.Ad-Hoc|ARM.Deploy.0 = Ad-Hoc|iPhone
		{7E6EA989-D21F-458B-B4A2-E800C7EDBFB5}.Ad-Hoc|iPhone.ActiveCfg = Ad-Hoc|iPhone
		{7E6EA989-D21F-458B-B4A2-E800C7EDBFB5}.Ad-Hoc|iPhone.Build.0 = Ad-Hoc|iPhone
		{7E6EA989-D21F-458B-B4A2-E800C7EDBFB5}.Ad-Hoc|iPhone.Deploy.0 = Ad-Hoc|iPhone
		{7E6EA989-D21F-458B-B4A2-E800C7EDBFB5}.Ad-Hoc|iPhoneSimulator.ActiveCfg = Ad-Hoc|iPhoneSimulator
		{7E6EA989-D21F-458B-B4A2-E800C7EDBFB5}.Ad-Hoc|iPhoneSimulator.Build.0 = Ad-Hoc|iPhoneSimulator
		{7E6EA989-D21F-458B-B4A2-E800C7EDBFB5}.Ad-Hoc|iPhoneSimulator.Deploy.0 = Ad-Hoc|iPhoneSimulator
		{7E6EA989-D21F-458B-B4A2-E800C7EDBFB5}.Ad-Hoc|x64.ActiveCfg = Ad-Hoc|iPhone
		{7E6EA989-D21F-458B-B4A2-E800C7EDBFB5}.Ad-Hoc|x64.Build.0 = Ad-Hoc|iPhone
		{7E6EA989-D21F-458B-B4A2-E800C7EDBFB5}.Ad-Hoc|x64.Deploy.0 = Ad-Hoc|iPhone
		{7E6EA989-D21F-458B-B4A2-E800C7EDBFB5}.Ad-Hoc|x86.ActiveCfg = Ad-Hoc|iPhone
		{7E6EA989-D21F-458B-B4A2-E800C7EDBFB5}.Ad-Hoc|x86.Build.0 = Ad-Hoc|iPhone
		{7E6EA989-D21F-458B-B4A2-E800C7EDBFB5}.Ad-Hoc|x86.Deploy.0 = Ad-Hoc|iPhone
		{7E6EA989-D21F-458B-B4A2-E800C7EDBFB5}.AppStore|Any CPU.ActiveCfg = AppStore|iPhone
		{7E6EA989-D21F-458B-B4A2-E800C7EDBFB5}.AppStore|Any CPU.Build.0 = AppStore|iPhone
		{7E6EA989-D21F-458B-B4A2-E800C7EDBFB5}.AppStore|Any CPU.Deploy.0 = AppStore|iPhone
		{7E6EA989-D21F-458B-B4A2-E800C7EDBFB5}.AppStore|ARM.ActiveCfg = AppStore|iPhone
		{7E6EA989-D21F-458B-B4A2-E800C7EDBFB5}.AppStore|ARM.Build.0 = AppStore|iPhone
		{7E6EA989-D21F-458B-B4A2-E800C7EDBFB5}.AppStore|ARM.Deploy.0 = AppStore|iPhone
		{7E6EA989-D21F-458B-B4A2-E800C7EDBFB5}.AppStore|iPhone.ActiveCfg = AppStore|iPhone
		{7E6EA989-D21F-458B-B4A2-E800C7EDBFB5}.AppStore|iPhone.Build.0 = AppStore|iPhone
		{7E6EA989-D21F-458B-B4A2-E800C7EDBFB5}.AppStore|iPhone.Deploy.0 = AppStore|iPhone
		{7E6EA989-D21F-458B-B4A2-E800C7EDBFB5}.AppStore|iPhoneSimulator.ActiveCfg = AppStore|iPhoneSimulator
		{7E6EA989-D21F-458B-B4A2-E800C7EDBFB5}.AppStore|iPhoneSimulator.Build.0 = AppStore|iPhoneSimulator
		{7E6EA989-D21F-458B-B4A2-E800C7EDBFB5}.AppStore|iPhoneSimulator.Deploy.0 = AppStore|iPhoneSimulator
		{7E6EA989-D21F-458B-B4A2-E800C7EDBFB5}.AppStore|x64.ActiveCfg = AppStore|iPhone
		{7E6EA989-D21F-458B-B4A2-E800C7EDBFB5}.AppStore|x64.Build.0 = AppStore|iPhone
		{7E6EA989-D21F-458B-B4A2-E800C7EDBFB5}.AppStore|x64.Deploy.0 = AppStore|iPhone
		{7E6EA989-D21F-458B-B4A2-E800C7EDBFB5}.AppStore|x86.ActiveCfg = AppStore|iPhone
		{7E6EA989-D21F-458B-B4A2-E800C7EDBFB5}.AppStore|x86.Build.0 = AppStore|iPhone
		{7E6EA989-D21F-458B-B4A2-E800C7EDBFB5}.AppStore|x86.Deploy.0 = AppStore|iPhone
		{7E6EA989-D21F-458B-B4A2-E800C7EDBFB5}.Debug|Any CPU.ActiveCfg = Debug|iPhoneSimulator
		{7E6EA989-D21F-458B-B4A2-E800C7EDBFB5}.Debug|Any CPU.Build.0 = Debug|iPhoneSimulator
		{7E6EA989-D21F-458B-B4A2-E800C7EDBFB5}.Debug|Any CPU.Deploy.0 = Debug|iPhoneSimulator
		{7E6EA989-D21F-458B-B4A2-E800C7EDBFB5}.Debug|ARM.ActiveCfg = Debug|iPhone
		{7E6EA989-D21F-458B-B4A2-E800C7EDBFB5}.Debug|ARM.Build.0 = Debug|iPhone
		{7E6EA989-D21F-458B-B4A2-E800C7EDBFB5}.Debug|ARM.Deploy.0 = Debug|iPhone
		{7E6EA989-D21F-458B-B4A2-E800C7EDBFB5}.Debug|iPhone.ActiveCfg = Debug|iPhone
		{7E6EA989-D21F-458B-B4A2-E800C7EDBFB5}.Debug|iPhone.Build.0 = Debug|iPhone
		{7E6EA989-D21F-458B-B4A2-E800C7EDBFB5}.Debug|iPhone.Deploy.0 = Debug|iPhone
		{7E6EA989-D21F-458B-B4A2-E800C7EDBFB5}.Debug|iPhoneSimulator.ActiveCfg = Debug|iPhoneSimulator
		{7E6EA989-D21F-458B-B4A2-E800C7EDBFB5}.Debug|iPhoneSimulator.Build.0 = Debug|iPhoneSimulator
		{7E6EA989-D21F-458B-B4A2-E800C7EDBFB5}.Debug|iPhoneSimulator.Deploy.0 = Debug|iPhoneSimulator
		{7E6EA989-D21F-458B-B4A2-E800C7EDBFB5}.Debug|x64.ActiveCfg = Debug|iPhone
		{7E6EA989-D21F-458B-B4A2-E800C7EDBFB5}.Debug|x64.Build.0 = Debug|iPhone
		{7E6EA989-D21F-458B-B4A2-E800C7EDBFB5}.Debug|x64.Deploy.0 = Debug|iPhone
		{7E6EA989-D21F-458B-B4A2-E800C7EDBFB5}.Debug|x86.ActiveCfg = Debug|iPhone
		{7E6EA989-D21F-458B-B4A2-E800C7EDBFB5}.Debug|x86.Build.0 = Debug|iPhone
		{7E6EA989-D21F-458B-B4A2-E800C7EDBFB5}.Debug|x86.Deploy.0 = Debug|iPhone
		{7E6EA989-D21F-458B-B4A2-E800C7EDBFB5}.Release|Any CPU.ActiveCfg = Release|iPhone
		{7E6EA989-D21F-458B-B4A2-E800C7EDBFB5}.Release|Any CPU.Build.0 = Release|iPhone
		{7E6EA989-D21F-458B-B4A2-E800C7EDBFB5}.Release|Any CPU.Deploy.0 = Release|iPhone
		{7E6EA989-D21F-458B-B4A2-E800C7EDBFB5}.Release|ARM.ActiveCfg = Release|iPhone
		{7E6EA989-D21F-458B-B4A2-E800C7EDBFB5}.Release|ARM.Build.0 = Release|iPhone
		{7E6EA989-D21F-458B-B4A2-E800C7EDBFB5}.Release|ARM.Deploy.0 = Release|iPhone
		{7E6EA989-D21F-458B-B4A2-E800C7EDBFB5}.Release|iPhone.ActiveCfg = Release|iPhone
		{7E6EA989-D21F-458B-B4A2-E800C7EDBFB5}.Release|iPhone.Build.0 = Release|iPhone
		{7E6EA989-D21F-458B-B4A2-E800C7EDBFB5}.Release|iPhone.Deploy.0 = Release|iPhone
		{7E6EA989-D21F-458B-B4A2-E800C7EDBFB5}.Release|iPhoneSimulator.ActiveCfg = Release|iPhoneSimulator
		{7E6EA989-D21F-458B-B4A2-E800C7EDBFB5}.Release|iPhoneSimulator.Build.0 = Release|iPhoneSimulator
		{7E6EA989-D21F-458B-B4A2-E800C7EDBFB5}.Release|iPhoneSimulator.Deploy.0 = Release|iPhoneSimulator
		{7E6EA989-D21F-458B-B4A2-E800C7EDBFB5}.Release|x64.ActiveCfg = Release|iPhone
		{7E6EA989-D21F-458B-B4A2-E800C7EDBFB5}.Release|x64.Build.0 = Release|iPhone
		{7E6EA989-D21F-458B-B4A2-E800C7EDBFB5}.Release|x64.Deploy.0 = Release|iPhone
		{7E6EA989-D21F-458B-B4A2-E800C7EDBFB5}.Release|x86.ActiveCfg = Release|iPhone
		{7E6EA989-D21F-458B-B4A2-E800C7EDBFB5}.Release|x86.Build.0 = Release|iPhone
		{7E6EA989-D21F-458B-B4A2-E800C7EDBFB5}.Release|x86.Deploy.0 = Release|iPhone
		{B41B507B-C64D-448F-B41E-4410BC05E2E5}.Ad-Hoc|Any CPU.ActiveCfg = Release|x86
		{B41B507B-C64D-448F-B41E-4410BC05E2E5}.Ad-Hoc|Any CPU.Build.0 = Release|x86
		{B41B507B-C64D-448F-B41E-4410BC05E2E5}.Ad-Hoc|Any CPU.Deploy.0 = Release|x86
		{B41B507B-C64D-448F-B41E-4410BC05E2E5}.Ad-Hoc|ARM.ActiveCfg = Release|ARM
		{B41B507B-C64D-448F-B41E-4410BC05E2E5}.Ad-Hoc|ARM.Build.0 = Release|ARM
		{B41B507B-C64D-448F-B41E-4410BC05E2E5}.Ad-Hoc|ARM.Deploy.0 = Release|ARM
		{B41B507B-C64D-448F-B41E-4410BC05E2E5}.Ad-Hoc|iPhone.ActiveCfg = Release|x86
		{B41B507B-C64D-448F-B41E-4410BC05E2E5}.Ad-Hoc|iPhone.Build.0 = Release|x86
		{B41B507B-C64D-448F-B41E-4410BC05E2E5}.Ad-Hoc|iPhone.Deploy.0 = Release|x86
		{B41B507B-C64D-448F-B41E-4410BC05E2E5}.Ad-Hoc|iPhoneSimulator.ActiveCfg = Release|x86
		{B41B507B-C64D-448F-B41E-4410BC05E2E5}.Ad-Hoc|iPhoneSimulator.Build.0 = Release|x86
		{B41B507B-C64D-448F-B41E-4410BC05E2E5}.Ad-Hoc|iPhoneSimulator.Deploy.0 = Release|x86
		{B41B507B-C64D-448F-B41E-4410BC05E2E5}.Ad-Hoc|x64.ActiveCfg = Release|x64
		{B41B507B-C64D-448F-B41E-4410BC05E2E5}.Ad-Hoc|x64.Build.0 = Release|x64
		{B41B507B-C64D-448F-B41E-4410BC05E2E5}.Ad-Hoc|x64.Deploy.0 = Release|x64
		{B41B507B-C64D-448F-B41E-4410BC05E2E5}.Ad-Hoc|x86.ActiveCfg = Release|x86
		{B41B507B-C64D-448F-B41E-4410BC05E2E5}.Ad-Hoc|x86.Build.0 = Release|x86
		{B41B507B-C64D-448F-B41E-4410BC05E2E5}.Ad-Hoc|x86.Deploy.0 = Release|x86
		{B41B507B-C64D-448F-B41E-4410BC05E2E5}.AppStore|Any CPU.ActiveCfg = Release|x86
		{B41B507B-C64D-448F-B41E-4410BC05E2E5}.AppStore|Any CPU.Build.0 = Release|x86
		{B41B507B-C64D-448F-B41E-4410BC05E2E5}.AppStore|Any CPU.Deploy.0 = Release|x86
		{B41B507B-C64D-448F-B41E-4410BC05E2E5}.AppStore|ARM.ActiveCfg = Release|ARM
		{B41B507B-C64D-448F-B41E-4410BC05E2E5}.AppStore|ARM.Build.0 = Release|ARM
		{B41B507B-C64D-448F-B41E-4410BC05E2E5}.AppStore|ARM.Deploy.0 = Release|ARM
		{B41B507B-C64D-448F-B41E-4410BC05E2E5}.AppStore|iPhone.ActiveCfg = Release|x86
		{B41B507B-C64D-448F-B41E-4410BC05E2E5}.AppStore|iPhone.Build.0 = Release|x86
		{B41B507B-C64D-448F-B41E-4410BC05E2E5}.AppStore|iPhone.Deploy.0 = Release|x86
		{B41B507B-C64D-448F-B41E-4410BC05E2E5}.AppStore|iPhoneSimulator.ActiveCfg = Release|x86
		{B41B507B-C64D-448F-B41E-4410BC05E2E5}.AppStore|iPhoneSimulator.Build.0 = Release|x86
		{B41B507B-C64D-448F-B41E-4410BC05E2E5}.AppStore|iPhoneSimulator.Deploy.0 = Release|x86
		{B41B507B-C64D-448F-B41E-4410BC05E2E5}.AppStore|x64.ActiveCfg = Release|x64
		{B41B507B-C64D-448F-B41E-4410BC05E2E5}.AppStore|x64.Build.0 = Release|x64
		{B41B507B-C64D-448F-B41E-4410BC05E2E5}.AppStore|x64.Deploy.0 = Release|x64
		{B41B507B-C64D-448F-B41E-4410BC05E2E5}.AppStore|x86.ActiveCfg = Release|x86
		{B41B507B-C64D-448F-B41E-4410BC05E2E5}.AppStore|x86.Build.0 = Release|x86
		{B41B507B-C64D-448F-B41E-4410BC05E2E5}.AppStore|x86.Deploy.0 = Release|x86
		{B41B507B-C64D-448F-B41E-4410BC05E2E5}.Debug|Any CPU.ActiveCfg = Debug|x86
		{B41B507B-C64D-448F-B41E-4410BC05E2E5}.Debug|Any CPU.Build.0 = Debug|x86
		{B41B507B-C64D-448F-B41E-4410BC05E2E5}.Debug|Any CPU.Deploy.0 = Debug|x86
		{B41B507B-C64D-448F-B41E-4410BC05E2E5}.Debug|ARM.ActiveCfg = Debug|ARM
		{B41B507B-C64D-448F-B41E-4410BC05E2E5}.Debug|ARM.Build.0 = Debug|ARM
		{B41B507B-C64D-448F-B41E-4410BC05E2E5}.Debug|ARM.Deploy.0 = Debug|ARM
		{B41B507B-C64D-448F-B41E-4410BC05E2E5}.Debug|iPhone.ActiveCfg = Debug|x86
		{B41B507B-C64D-448F-B41E-4410BC05E2E5}.Debug|iPhone.Build.0 = Debug|x86
		{B41B507B-C64D-448F-B41E-4410BC05E2E5}.Debug|iPhone.Deploy.0 = Debug|x86
		{B41B507B-C64D-448F-B41E-4410BC05E2E5}.Debug|iPhoneSimulator.ActiveCfg = Debug|x86
		{B41B507B-C64D-448F-B41E-4410BC05E2E5}.Debug|iPhoneSimulator.Build.0 = Debug|x86
		{B41B507B-C64D-448F-B41E-4410BC05E2E5}.Debug|iPhoneSimulator.Deploy.0 = Debug|x86
		{B41B507B-C64D-448F-B41E-4410BC05E2E5}.Debug|x64.ActiveCfg = Debug|x64
		{B41B507B-C64D-448F-B41E-4410BC05E2E5}.Debug|x64.Build.0 = Debug|x64
		{B41B507B-C64D-448F-B41E-4410BC05E2E5}.Debug|x64.Deploy.0 = Debug|x64
		{B41B507B-C64D-448F-B41E-4410BC05E2E5}.Debug|x86.ActiveCfg = Debug|x86
		{B41B507B-C64D-448F-B41E-4410BC05E2E5}.Debug|x86.Build.0 = Debug|x86
		{B41B507B-C64D-448F-B41E-4410BC05E2E5}.Debug|x86.Deploy.0 = Debug|x86
		{B41B507B-C64D-448F-B41E-4410BC05E2E5}.Release|Any CPU.ActiveCfg = Release|x86
		{B41B507B-C64D-448F-B41E-4410BC05E2E5}.Release|Any CPU.Build.0 = Release|x86
		{B41B507B-C64D-448F-B41E-4410BC05E2E5}.Release|Any CPU.Deploy.0 = Release|x86
		{B41B507B-C64D-448F-B41E-4410BC05E2E5}.Release|ARM.ActiveCfg = Release|ARM
		{B41B507B-C64D-448F-B41E-4410BC05E2E5}.Release|ARM.Build.0 = Release|ARM
		{B41B507B-C64D-448F-B41E-4410BC05E2E5}.Release|ARM.Deploy.0 = Release|ARM
		{B41B507B-C64D-448F-B41E-4410BC05E2E5}.Release|iPhone.ActiveCfg = Release|x86
		{B41B507B-C64D-448F-B41E-4410BC05E2E5}.Release|iPhone.Build.0 = Release|x86
		{B41B507B-C64D-448F-B41E-4410BC05E2E5}.Release|iPhone.Deploy.0 = Release|x86
		{B41B507B-C64D-448F-B41E-4410BC05E2E5}.Release|iPhoneSimulator.ActiveCfg = Release|x86
		{B41B507B-C64D-448F-B41E-4410BC05E2E5}.Release|iPhoneSimulator.Build.0 = Release|x86
		{B41B507B-C64D-448F-B41E-4410BC05E2E5}.Release|iPhoneSimulator.Deploy.0 = Release|x86
		{B41B507B-C64D-448F-B41E-4410BC05E2E5}.Release|x64.ActiveCfg = Release|x64
		{B41B507B-C64D-448F-B41E-4410BC05E2E5}.Release|x64.Build.0 = Release|x64
		{B41B507B-C64D-448F-B41E-4410BC05E2E5}.Release|x64.Deploy.0 = Release|x64
		{B41B507B-C64D-448F-B41E-4410BC05E2E5}.Release|x86.ActiveCfg = Release|x86
		{B41B507B-C64D-448F-B41E-4410BC05E2E5}.Release|x86.Build.0 = Release|x86
		{B41B507B-C64D-448F-B41E-4410BC05E2E5}.Release|x86.Deploy.0 = Release|x86
		{F0DACBBC-205E-423E-AAC9-3DA77E167F35}.Ad-Hoc|Any CPU.ActiveCfg = Debug|Any CPU
		{F0DACBBC-205E-423E-AAC9-3DA77E167F35}.Ad-Hoc|Any CPU.Build.0 = Debug|Any CPU
		{F0DACBBC-205E-423E-AAC9-3DA77E167F35}.Ad-Hoc|Any CPU.Deploy.0 = Debug|Any CPU
		{F0DACBBC-205E-423E-AAC9-3DA77E167F35}.Ad-Hoc|ARM.ActiveCfg = Debug|Any CPU
		{F0DACBBC-205E-423E-AAC9-3DA77E167F35}.Ad-Hoc|ARM.Build.0 = Debug|Any CPU
		{F0DACBBC-205E-423E-AAC9-3DA77E167F35}.Ad-Hoc|ARM.Deploy.0 = Debug|Any CPU
		{F0DACBBC-205E-423E-AAC9-3DA77E167F35}.Ad-Hoc|iPhone.ActiveCfg = Debug|Any CPU
		{F0DACBBC-205E-423E-AAC9-3DA77E167F35}.Ad-Hoc|iPhone.Build.0 = Debug|Any CPU
		{F0DACBBC-205E-423E-AAC9-3DA77E167F35}.Ad-Hoc|iPhone.Deploy.0 = Debug|Any CPU
		{F0DACBBC-205E-423E-AAC9-3DA77E167F35}.Ad-Hoc|iPhoneSimulator.ActiveCfg = Debug|Any CPU
		{F0DACBBC-205E-423E-AAC9-3DA77E167F35}.Ad-Hoc|iPhoneSimulator.Build.0 = Debug|Any CPU
		{F0DACBBC-205E-423E-AAC9-3DA77E167F35}.Ad-Hoc|iPhoneSimulator.Deploy.0 = Debug|Any CPU
		{F0DACBBC-205E-423E-AAC9-3DA77E167F35}.Ad-Hoc|x64.ActiveCfg = Debug|Any CPU
		{F0DACBBC-205E-423E-AAC9-3DA77E167F35}.Ad-Hoc|x64.Build.0 = Debug|Any CPU
		{F0DACBBC-205E-423E-AAC9-3DA77E167F35}.Ad-Hoc|x64.Deploy.0 = Debug|Any CPU
		{F0DACBBC-205E-423E-AAC9-3DA77E167F35}.Ad-Hoc|x86.ActiveCfg = Debug|Any CPU
		{F0DACBBC-205E-423E-AAC9-3DA77E167F35}.Ad-Hoc|x86.Build.0 = Debug|Any CPU
		{F0DACBBC-205E-423E-AAC9-3DA77E167F35}.Ad-Hoc|x86.Deploy.0 = Debug|Any CPU
		{F0DACBBC-205E-423E-AAC9-3DA77E167F35}.AppStore|Any CPU.ActiveCfg = Debug|Any CPU
		{F0DACBBC-205E-423E-AAC9-3DA77E167F35}.AppStore|Any CPU.Build.0 = Debug|Any CPU
		{F0DACBBC-205E-423E-AAC9-3DA77E167F35}.AppStore|Any CPU.Deploy.0 = Debug|Any CPU
		{F0DACBBC-205E-423E-AAC9-3DA77E167F35}.AppStore|ARM.ActiveCfg = Debug|Any CPU
		{F0DACBBC-205E-423E-AAC9-3DA77E167F35}.AppStore|ARM.Build.0 = Debug|Any CPU
		{F0DACBBC-205E-423E-AAC9-3DA77E167F35}.AppStore|ARM.Deploy.0 = Debug|Any CPU
		{F0DACBBC-205E-423E-AAC9-3DA77E167F35}.AppStore|iPhone.ActiveCfg = Debug|Any CPU
		{F0DACBBC-205E-423E-AAC9-3DA77E167F35}.AppStore|iPhone.Build.0 = Debug|Any CPU
		{F0DACBBC-205E-423E-AAC9-3DA77E167F35}.AppStore|iPhone.Deploy.0 = Debug|Any CPU
		{F0DACBBC-205E-423E-AAC9-3DA77E167F35}.AppStore|iPhoneSimulator.ActiveCfg = Debug|Any CPU
		{F0DACBBC-205E-423E-AAC9-3DA77E167F35}.AppStore|iPhoneSimulator.Build.0 = Debug|Any CPU
		{F0DACBBC-205E-423E-AAC9-3DA77E167F35}.AppStore|iPhoneSimulator.Deploy.0 = Debug|Any CPU
		{F0DACBBC-205E-423E-AAC9-3DA77E167F35}.AppStore|x64.ActiveCfg = Debug|Any CPU
		{F0DACBBC-205E-423E-AAC9-3DA77E167F35}.AppStore|x64.Build.0 = Debug|Any CPU
		{F0DACBBC-205E-423E-AAC9-3DA77E167F35}.AppStore|x64.Deploy.0 = Debug|Any CPU
		{F0DACBBC-205E-423E-AAC9-3DA77E167F35}.AppStore|x86.ActiveCfg = Debug|Any CPU
		{F0DACBBC-205E-423E-AAC9-3DA77E167F35}.AppStore|x86.Build.0 = Debug|Any CPU
		{F0DACBBC-205E-423E-AAC9-3DA77E167F35}.AppStore|x86.Deploy.0 = Debug|Any CPU
		{F0DACBBC-205E-423E-AAC9-3DA77E167F35}.Debug|Any CPU.ActiveCfg = Debug|Any CPU
		{F0DACBBC-205E-423E-AAC9-3DA77E167F35}.Debug|Any CPU.Build.0 = Debug|Any CPU
		{F0DACBBC-205E-423E-AAC9-3DA77E167F35}.Debug|Any CPU.Deploy.0 = Debug|Any CPU
		{F0DACBBC-205E-423E-AAC9-3DA77E167F35}.Debug|ARM.ActiveCfg = Debug|Any CPU
		{F0DACBBC-205E-423E-AAC9-3DA77E167F35}.Debug|ARM.Build.0 = Debug|Any CPU
		{F0DACBBC-205E-423E-AAC9-3DA77E167F35}.Debug|ARM.Deploy.0 = Debug|Any CPU
		{F0DACBBC-205E-423E-AAC9-3DA77E167F35}.Debug|iPhone.ActiveCfg = Debug|Any CPU
		{F0DACBBC-205E-423E-AAC9-3DA77E167F35}.Debug|iPhone.Build.0 = Debug|Any CPU
		{F0DACBBC-205E-423E-AAC9-3DA77E167F35}.Debug|iPhone.Deploy.0 = Debug|Any CPU
		{F0DACBBC-205E-423E-AAC9-3DA77E167F35}.Debug|iPhoneSimulator.ActiveCfg = Debug|Any CPU
		{F0DACBBC-205E-423E-AAC9-3DA77E167F35}.Debug|iPhoneSimulator.Build.0 = Debug|Any CPU
		{F0DACBBC-205E-423E-AAC9-3DA77E167F35}.Debug|iPhoneSimulator.Deploy.0 = Debug|Any CPU
		{F0DACBBC-205E-423E-AAC9-3DA77E167F35}.Debug|x64.ActiveCfg = Debug|Any CPU
		{F0DACBBC-205E-423E-AAC9-3DA77E167F35}.Debug|x64.Build.0 = Debug|Any CPU
		{F0DACBBC-205E-423E-AAC9-3DA77E167F35}.Debug|x64.Deploy.0 = Debug|Any CPU
		{F0DACBBC-205E-423E-AAC9-3DA77E167F35}.Debug|x86.ActiveCfg = Debug|Any CPU
		{F0DACBBC-205E-423E-AAC9-3DA77E167F35}.Debug|x86.Build.0 = Debug|Any CPU
		{F0DACBBC-205E-423E-AAC9-3DA77E167F35}.Debug|x86.Deploy.0 = Debug|Any CPU
		{F0DACBBC-205E-423E-AAC9-3DA77E167F35}.Release|Any CPU.ActiveCfg = Release|Any CPU
		{F0DACBBC-205E-423E-AAC9-3DA77E167F35}.Release|Any CPU.Build.0 = Release|Any CPU
		{F0DACBBC-205E-423E-AAC9-3DA77E167F35}.Release|Any CPU.Deploy.0 = Release|Any CPU
		{F0DACBBC-205E-423E-AAC9-3DA77E167F35}.Release|ARM.ActiveCfg = Release|Any CPU
		{F0DACBBC-205E-423E-AAC9-3DA77E167F35}.Release|ARM.Build.0 = Release|Any CPU
		{F0DACBBC-205E-423E-AAC9-3DA77E167F35}.Release|ARM.Deploy.0 = Release|Any CPU
		{F0DACBBC-205E-423E-AAC9-3DA77E167F35}.Release|iPhone.ActiveCfg = Release|Any CPU
		{F0DACBBC-205E-423E-AAC9-3DA77E167F35}.Release|iPhone.Build.0 = Release|Any CPU
		{F0DACBBC-205E-423E-AAC9-3DA77E167F35}.Release|iPhone.Deploy.0 = Release|Any CPU
		{F0DACBBC-205E-423E-AAC9-3DA77E167F35}.Release|iPhoneSimulator.ActiveCfg = Release|Any CPU
		{F0DACBBC-205E-423E-AAC9-3DA77E167F35}.Release|iPhoneSimulator.Build.0 = Release|Any CPU
		{F0DACBBC-205E-423E-AAC9-3DA77E167F35}.Release|iPhoneSimulator.Deploy.0 = Release|Any CPU
		{F0DACBBC-205E-423E-AAC9-3DA77E167F35}.Release|x64.ActiveCfg = Release|Any CPU
		{F0DACBBC-205E-423E-AAC9-3DA77E167F35}.Release|x64.Build.0 = Release|Any CPU
		{F0DACBBC-205E-423E-AAC9-3DA77E167F35}.Release|x64.Deploy.0 = Release|Any CPU
		{F0DACBBC-205E-423E-AAC9-3DA77E167F35}.Release|x86.ActiveCfg = Release|Any CPU
		{F0DACBBC-205E-423E-AAC9-3DA77E167F35}.Release|x86.Build.0 = Release|Any CPU
		{F0DACBBC-205E-423E-AAC9-3DA77E167F35}.Release|x86.Deploy.0 = Release|Any CPU
	EndGlobalSection
	GlobalSection(SolutionProperties) = preSolution
		HideSolutionNode = FALSE
	EndGlobalSection
	GlobalSection(ExtensibilityGlobals) = postSolution
		SolutionGuid = {C57077B7-0659-419E-8BAE-B689A6660F9E}
	EndGlobalSection
EndGlobal
